
Microsoft Visual Studio Solution File, Format Version 12.00
# Visual Studio Version 16
VisualStudioVersion = 16.0.31112.23
MinimumVisualStudioVersion = 10.0.40219.1
Project("{FAE04EC0-301F-11D3-BF4B-00C04F79EFBC}") = "ConsoleApp1", "ConsoleApp1.csproj", "{9956D092-2017-4772-A0A2-F71962A27DDD}"
EndProject
Global
	GlobalSection(SolutionConfigurationPlatforms) = preSolution
		Debug|Any CPU = Debug|Any CPU
		Release|Any CPU = Release|Any CPU
	EndGlobalSection
	GlobalSection(ProjectConfigurationPlatforms) = postSolution
		{9956D092-2017-4772-A0A2-F71962A27DDD}.Debug|Any CPU.ActiveCfg = Debug|Any CPU
		{9956D092-2017-4772-A0A2-F71962A27DDD}.Debug|Any CPU.Build.0 = Debug|Any CPU
		{9956D092-2017-4772-A0A2-F71962A27DDD}.Release|Any CPU.ActiveCfg = Release|Any CPU
		{9956D092-2017-4772-A0A2-F71962A27DDD}.Release|Any CPU.Build.0 = Release|Any CPU
	EndGlobalSection
	GlobalSection(SolutionProperties) = preSolution
		HideSolutionNode = FALSE
	EndGlobalSection
	GlobalSection(ExtensibilityGlobals) = postSolution
		SolutionGuid = {75A4A4DC-ED05-4B6D-9FAA-7F02F58E32F3}
	EndGlobalSection
EndGlobal
